// !$*UTF8*$!
{
	archiveVersion = 1;
	classes = {
	};
	objectVersion = 46;
	objects = {

/* Begin PBXBuildFile section */
		A708FC1A1F6BA89900211FC3 /* GoogleAnalyticsPayload.m in Sources */ = {isa = PBXBuildFile; fileRef = A708FC191F6BA89900211FC3 /* GoogleAnalyticsPayload.m */; };
		A708FC201F6BB4D200211FC3 /* RCTGoogleAnalyticsSettings.m in Sources */ = {isa = PBXBuildFile; fileRef = A708FC1F1F6BB4D200211FC3 /* RCTGoogleAnalyticsSettings.m */; };
		A710AAE31CC640E40085DAC1 /* RCTGoogleTagManagerBridge.m in Sources */ = {isa = PBXBuildFile; fileRef = A710AAE21CC640E40085DAC1 /* RCTGoogleTagManagerBridge.m */; };
		A79185CA1C30694E001236A6 /* RCTGoogleAnalyticsBridge.h in CopyFiles */ = {isa = PBXBuildFile; fileRef = A79185C91C30694E001236A6 /* RCTGoogleAnalyticsBridge.h */; };
		A79185CC1C30694E001236A6 /* RCTGoogleAnalyticsBridge.m in Sources */ = {isa = PBXBuildFile; fileRef = A79185CB1C30694E001236A6 /* RCTGoogleAnalyticsBridge.m */; };
		A79185DE1C3070E8001236A6 /* libGoogleAnalyticsServices.a in Frameworks */ = {isa = PBXBuildFile; fileRef = A79185DD1C3070E8001236A6 /* libGoogleAnalyticsServices.a */; };
/* End PBXBuildFile section */

/* Begin PBXCopyFilesBuildPhase section */
		A79185C41C30694E001236A6 /* CopyFiles */ = {
			isa = PBXCopyFilesBuildPhase;
			buildActionMask = 2147483647;
			dstPath = "include/$(PRODUCT_NAME)";
			dstSubfolderSpec = 16;
			files = (
				A79185CA1C30694E001236A6 /* RCTGoogleAnalyticsBridge.h in CopyFiles */,
			);
			runOnlyForDeploymentPostprocessing = 0;
		};
/* End PBXCopyFilesBuildPhase section */

/* Begin PBXFileReference section */
		A708FC181F6BA86C00211FC3 /* GoogleAnalyticsPayload.h */ = {isa = PBXFileReference; lastKnownFileType = sourcecode.c.h; path = GoogleAnalyticsPayload.h; sourceTree = "<group>"; };
		A708FC191F6BA89900211FC3 /* GoogleAnalyticsPayload.m */ = {isa = PBXFileReference; fileEncoding = 4; lastKnownFileType = sourcecode.c.objc; path = GoogleAnalyticsPayload.m; sourceTree = "<group>"; };
		A708FC1E1F6BB4D200211FC3 /* RCTGoogleAnalyticsSettings.h */ = {isa = PBXFileReference; fileEncoding = 4; lastKnownFileType = sourcecode.c.h; path = RCTGoogleAnalyticsSettings.h; sourceTree = "<group>"; };
		A708FC1F1F6BB4D200211FC3 /* RCTGoogleAnalyticsSettings.m */ = {isa = PBXFileReference; fileEncoding = 4; lastKnownFileType = sourcecode.c.objc; path = RCTGoogleAnalyticsSettings.m; sourceTree = "<group>"; };
		A710AAE11CC640E40085DAC1 /* RCTGoogleTagManagerBridge.h */ = {isa = PBXFileReference; fileEncoding = 4; lastKnownFileType = sourcecode.c.h; path = RCTGoogleTagManagerBridge.h; sourceTree = "<group>"; };
		A710AAE21CC640E40085DAC1 /* RCTGoogleTagManagerBridge.m */ = {isa = PBXFileReference; fileEncoding = 4; lastKnownFileType = sourcecode.c.objc; path = RCTGoogleTagManagerBridge.m; sourceTree = "<group>"; };
		A79185C61C30694E001236A6 /* libRCTGoogleAnalyticsBridge.a */ = {isa = PBXFileReference; explicitFileType = archive.ar; includeInIndex = 0; path = libRCTGoogleAnalyticsBridge.a; sourceTree = BUILT_PRODUCTS_DIR; };
		A79185C91C30694E001236A6 /* RCTGoogleAnalyticsBridge.h */ = {isa = PBXFileReference; lastKnownFileType = sourcecode.c.h; path = RCTGoogleAnalyticsBridge.h; sourceTree = "<group>"; };
		A79185CB1C30694E001236A6 /* RCTGoogleAnalyticsBridge.m */ = {isa = PBXFileReference; lastKnownFileType = sourcecode.c.objc; path = RCTGoogleAnalyticsBridge.m; sourceTree = "<group>"; };
		A79185D31C3070E8001236A6 /* GAI.h */ = {isa = PBXFileReference; fileEncoding = 4; lastKnownFileType = sourcecode.c.h; path = GAI.h; sourceTree = "<group>"; };
		A79185D41C3070E8001236A6 /* GAIDictionaryBuilder.h */ = {isa = PBXFileReference; fileEncoding = 4; lastKnownFileType = sourcecode.c.h; path = GAIDictionaryBuilder.h; sourceTree = "<group>"; };
		A79185D51C3070E8001236A6 /* GAIEcommerceFields.h */ = {isa = PBXFileReference; fileEncoding = 4; lastKnownFileType = sourcecode.c.h; path = GAIEcommerceFields.h; sourceTree = "<group>"; };
		A79185D61C3070E8001236A6 /* GAIEcommerceProduct.h */ = {isa = PBXFileReference; fileEncoding = 4; lastKnownFileType = sourcecode.c.h; path = GAIEcommerceProduct.h; sourceTree = "<group>"; };
		A79185D71C3070E8001236A6 /* GAIEcommerceProductAction.h */ = {isa = PBXFileReference; fileEncoding = 4; lastKnownFileType = sourcecode.c.h; path = GAIEcommerceProductAction.h; sourceTree = "<group>"; };
		A79185D81C3070E8001236A6 /* GAIEcommercePromotion.h */ = {isa = PBXFileReference; fileEncoding = 4; lastKnownFileType = sourcecode.c.h; path = GAIEcommercePromotion.h; sourceTree = "<group>"; };
		A79185D91C3070E8001236A6 /* GAIFields.h */ = {isa = PBXFileReference; fileEncoding = 4; lastKnownFileType = sourcecode.c.h; path = GAIFields.h; sourceTree = "<group>"; };
		A79185DA1C3070E8001236A6 /* GAILogger.h */ = {isa = PBXFileReference; fileEncoding = 4; lastKnownFileType = sourcecode.c.h; path = GAILogger.h; sourceTree = "<group>"; };
		A79185DB1C3070E8001236A6 /* GAITrackedViewController.h */ = {isa = PBXFileReference; fileEncoding = 4; lastKnownFileType = sourcecode.c.h; path = GAITrackedViewController.h; sourceTree = "<group>"; };
		A79185DC1C3070E8001236A6 /* GAITracker.h */ = {isa = PBXFileReference; fileEncoding = 4; lastKnownFileType = sourcecode.c.h; path = GAITracker.h; sourceTree = "<group>"; };
		A79185DD1C3070E8001236A6 /* libGoogleAnalyticsServices.a */ = {isa = PBXFileReference; lastKnownFileType = archive.ar; path = libGoogleAnalyticsServices.a; sourceTree = "<group>"; };
		C9C74AC31CBD4E9F00F3BD12 /* TAGContainer.h */ = {isa = PBXFileReference; lastKnownFileType = sourcecode.c.h; path = TAGContainer.h; sourceTree = "<group>"; };
		C9C74AC41CBD4E9F00F3BD12 /* TAGContainerOpener.h */ = {isa = PBXFileReference; lastKnownFileType = sourcecode.c.h; path = TAGContainerOpener.h; sourceTree = "<group>"; };
		C9C74AC51CBD4E9F00F3BD12 /* TAGDataLayer.h */ = {isa = PBXFileReference; lastKnownFileType = sourcecode.c.h; path = TAGDataLayer.h; sourceTree = "<group>"; };
		C9C74AC61CBD4E9F00F3BD12 /* TAGLogger.h */ = {isa = PBXFileReference; lastKnownFileType = sourcecode.c.h; path = TAGLogger.h; sourceTree = "<group>"; };
		C9C74AC71CBD4E9F00F3BD12 /* TAGManager.h */ = {isa = PBXFileReference; lastKnownFileType = sourcecode.c.h; path = TAGManager.h; sourceTree = "<group>"; };
/* End PBXFileReference section */

/* Begin PBXFrameworksBuildPhase section */
		A79185C31C30694E001236A6 /* Frameworks */ = {
			isa = PBXFrameworksBuildPhase;
			buildActionMask = 2147483647;
			files = (
				A79185DE1C3070E8001236A6 /* libGoogleAnalyticsServices.a in Frameworks */,
			);
			runOnlyForDeploymentPostprocessing = 0;
		};
/* End PBXFrameworksBuildPhase section */

/* Begin PBXGroup section */
		A79185BD1C30694E001236A6 = {
			isa = PBXGroup;
			children = (
				A79185D21C3070E8001236A6 /* google-analytics-lib */,
				A79185C81C30694E001236A6 /* RCTGoogleAnalyticsBridge */,
				A79185C71C30694E001236A6 /* Products */,
			);
			sourceTree = "<group>";
		};
		A79185C71C30694E001236A6 /* Products */ = {
			isa = PBXGroup;
			children = (
				A79185C61C30694E001236A6 /* libRCTGoogleAnalyticsBridge.a */,
			);
			name = Products;
			sourceTree = "<group>";
		};
		A79185C81C30694E001236A6 /* RCTGoogleAnalyticsBridge */ = {
			isa = PBXGroup;
			children = (
				A708FC1E1F6BB4D200211FC3 /* RCTGoogleAnalyticsSettings.h */,
				A708FC1F1F6BB4D200211FC3 /* RCTGoogleAnalyticsSettings.m */,
				A710AAE11CC640E40085DAC1 /* RCTGoogleTagManagerBridge.h */,
				A710AAE21CC640E40085DAC1 /* RCTGoogleTagManagerBridge.m */,
				A79185C91C30694E001236A6 /* RCTGoogleAnalyticsBridge.h */,
				A79185CB1C30694E001236A6 /* RCTGoogleAnalyticsBridge.m */,
				A708FC181F6BA86C00211FC3 /* GoogleAnalyticsPayload.h */,
				A708FC191F6BA89900211FC3 /* GoogleAnalyticsPayload.m */,
			);
			path = RCTGoogleAnalyticsBridge;
			sourceTree = "<group>";
		};
		A79185D21C3070E8001236A6 /* google-analytics-lib */ = {
			isa = PBXGroup;
			children = (
				C9C74AC31CBD4E9F00F3BD12 /* TAGContainer.h */,
				C9C74AC41CBD4E9F00F3BD12 /* TAGContainerOpener.h */,
				C9C74AC51CBD4E9F00F3BD12 /* TAGDataLayer.h */,
				C9C74AC61CBD4E9F00F3BD12 /* TAGLogger.h */,
				C9C74AC71CBD4E9F00F3BD12 /* TAGManager.h */,
				A79185D31C3070E8001236A6 /* GAI.h */,
				A79185D41C3070E8001236A6 /* GAIDictionaryBuilder.h */,
				A79185D51C3070E8001236A6 /* GAIEcommerceFields.h */,
				A79185D61C3070E8001236A6 /* GAIEcommerceProduct.h */,
				A79185D71C3070E8001236A6 /* GAIEcommerceProductAction.h */,
				A79185D81C3070E8001236A6 /* GAIEcommercePromotion.h */,
				A79185D91C3070E8001236A6 /* GAIFields.h */,
				A79185DA1C3070E8001236A6 /* GAILogger.h */,
				A79185DB1C3070E8001236A6 /* GAITrackedViewController.h */,
				A79185DC1C3070E8001236A6 /* GAITracker.h */,
				A79185DD1C3070E8001236A6 /* libGoogleAnalyticsServices.a */,
			);
			path = "google-analytics-lib";
			sourceTree = "<group>";
		};
/* End PBXGroup section */

/* Begin PBXNativeTarget section */
		A79185C51C30694E001236A6 /* RCTGoogleAnalyticsBridge */ = {
			isa = PBXNativeTarget;
			buildConfigurationList = A79185CF1C30694E001236A6 /* Build configuration list for PBXNativeTarget "RCTGoogleAnalyticsBridge" */;
			buildPhases = (
				A79185C21C30694E001236A6 /* Sources */,
				A79185C31C30694E001236A6 /* Frameworks */,
				A79185C41C30694E001236A6 /* CopyFiles */,
			);
			buildRules = (
			);
			dependencies = (
			);
			name = RCTGoogleAnalyticsBridge;
			productName = RCTGoogleAnalyticsBridge;
			productReference = A79185C61C30694E001236A6 /* libRCTGoogleAnalyticsBridge.a */;
			productType = "com.apple.product-type.library.static";
		};
/* End PBXNativeTarget section */

/* Begin PBXProject section */
		A79185BE1C30694E001236A6 /* Project object */ = {
			isa = PBXProject;
			attributes = {
				LastUpgradeCheck = 0720;
				ORGANIZATIONNAME = "Idéhub";
				TargetAttributes = {
					A79185C51C30694E001236A6 = {
						CreatedOnToolsVersion = 7.2;
					};
				};
			};
			buildConfigurationList = A79185C11C30694E001236A6 /* Build configuration list for PBXProject "RCTGoogleAnalyticsBridge" */;
			compatibilityVersion = "Xcode 3.2";
			developmentRegion = English;
			hasScannedForEncodings = 0;
			knownRegions = (
				en,
			);
			mainGroup = A79185BD1C30694E001236A6;
			productRefGroup = A79185C71C30694E001236A6 /* Products */;
			projectDirPath = "";
			projectRoot = "";
			targets = (
				A79185C51C30694E001236A6 /* RCTGoogleAnalyticsBridge */,
			);
		};
/* End PBXProject section */

/* Begin PBXSourcesBuildPhase section */
		A79185C21C30694E001236A6 /* Sources */ = {
			isa = PBXSourcesBuildPhase;
			buildActionMask = 2147483647;
			files = (
				A710AAE31CC640E40085DAC1 /* RCTGoogleTagManagerBridge.m in Sources */,
				A708FC1A1F6BA89900211FC3 /* GoogleAnalyticsPayload.m in Sources */,
				A708FC201F6BB4D200211FC3 /* RCTGoogleAnalyticsSettings.m in Sources */,
				A79185CC1C30694E001236A6 /* RCTGoogleAnalyticsBridge.m in Sources */,
			);
			runOnlyForDeploymentPostprocessing = 0;
		};
/* End PBXSourcesBuildPhase section */

/* Begin XCBuildConfiguration section */
		A79185CD1C30694E001236A6 /* Debug */ = {
			isa = XCBuildConfiguration;
			buildSettings = {
				ALWAYS_SEARCH_USER_PATHS = NO;
				CLANG_CXX_LANGUAGE_STANDARD = "gnu++0x";
				CLANG_CXX_LIBRARY = "libc++";
				CLANG_ENABLE_MODULES = YES;
				CLANG_ENABLE_OBJC_ARC = YES;
				CLANG_WARN_BOOL_CONVERSION = YES;
				CLANG_WARN_CONSTANT_CONVERSION = YES;
				CLANG_WARN_DIRECT_OBJC_ISA_USAGE = YES_ERROR;
				CLANG_WARN_EMPTY_BODY = YES;
				CLANG_WARN_ENUM_CONVERSION = YES;
				CLANG_WARN_INT_CONVERSION = YES;
				CLANG_WARN_OBJC_ROOT_CLASS = YES_ERROR;
				CLANG_WARN_UNREACHABLE_CODE = YES;
				CLANG_WARN__DUPLICATE_METHOD_MATCH = YES;
				"CODE_SIGN_IDENTITY[sdk=iphoneos*]" = "iPhone Developer";
				COPY_PHASE_STRIP = NO;
				DEBUG_INFORMATION_FORMAT = dwarf;
				ENABLE_BITCODE = YES;
				ENABLE_STRICT_OBJC_MSGSEND = YES;
				ENABLE_TESTABILITY = YES;
				GCC_C_LANGUAGE_STANDARD = gnu99;
				GCC_DYNAMIC_NO_PIC = NO;
				GCC_NO_COMMON_BLOCKS = YES;
				GCC_OPTIMIZATION_LEVEL = 0;
				GCC_PREPROCESSOR_DEFINITIONS = (
					"DEBUG=1",
					"$(inherited)",
				);
				GCC_WARN_64_TO_32_BIT_CONVERSION = YES;
				GCC_WARN_ABOUT_RETURN_TYPE = YES_ERROR;
				GCC_WARN_UNDECLARED_SELECTOR = YES;
				GCC_WARN_UNINITIALIZED_AUTOS = YES_AGGRESSIVE;
				GCC_WARN_UNUSED_FUNCTION = YES;
				GCC_WARN_UNUSED_VARIABLE = YES;
				HEADER_SEARCH_PATHS = (
					"$(inherited)",
					/Applications/Xcode.app/Contents/Developer/Toolchains/XcodeDefault.xctoolchain/usr/include,
					"$(SRCROOT)/../react-native/React/**",
					"$(SRCROOT)/../../React/**",
					"$(SRCROOT)/node_modules/react-native/React",
					"$(SRCROOT)/../../example/node_modules/react-native/React/**",
					"$(SRCROOT)/../../../react-native/React/**",
				);
				IPHONEOS_DEPLOYMENT_TARGET = 7.0;
				MTL_ENABLE_DEBUG_INFO = YES;
				ONLY_ACTIVE_ARCH = YES;
				SDKROOT = iphoneos;
			};
			name = Debug;
		};
		A79185CE1C30694E001236A6 /* Release */ = {
			isa = XCBuildConfiguration;
			buildSettings = {
				ALWAYS_SEARCH_USER_PATHS = NO;
				CLANG_CXX_LANGUAGE_STANDARD = "gnu++0x";
				CLANG_CXX_LIBRARY = "libc++";
				CLANG_ENABLE_MODULES = YES;
				CLANG_ENABLE_OBJC_ARC = YES;
				CLANG_WARN_BOOL_CONVERSION = YES;
				CLANG_WARN_CONSTANT_CONVERSION = YES;
				CLANG_WARN_DIRECT_OBJC_ISA_USAGE = YES_ERROR;
				CLANG_WARN_EMPTY_BODY = YES;
				CLANG_WARN_ENUM_CONVERSION = YES;
				CLANG_WARN_INT_CONVERSION = YES;
				CLANG_WARN_OBJC_ROOT_CLASS = YES_ERROR;
				CLANG_WARN_UNREACHABLE_CODE = YES;
				CLANG_WARN__DUPLICATE_METHOD_MATCH = YES;
				"CODE_SIGN_IDENTITY[sdk=iphoneos*]" = "iPhone Developer";
				COPY_PHASE_STRIP = NO;
				DEBUG_INFORMATION_FORMAT = "dwarf-with-dsym";
				ENABLE_BITCODE = YES;
				ENABLE_NS_ASSERTIONS = NO;
				ENABLE_STRICT_OBJC_MSGSEND = YES;
				GCC_C_LANGUAGE_STANDARD = gnu99;
				GCC_NO_COMMON_BLOCKS = YES;
				GCC_WARN_64_TO_32_BIT_CONVERSION = YES;
				GCC_WARN_ABOUT_RETURN_TYPE = YES_ERROR;
				GCC_WARN_UNDECLARED_SELECTOR = YES;
				GCC_WARN_UNINITIALIZED_AUTOS = YES_AGGRESSIVE;
				GCC_WARN_UNUSED_FUNCTION = YES;
				GCC_WARN_UNUSED_VARIABLE = YES;
				HEADER_SEARCH_PATHS = (
					"$(inherited)",
					/Applications/Xcode.app/Contents/Developer/Toolchains/XcodeDefault.xctoolchain/usr/include,
					"$(SRCROOT)/../react-native/React/**",
					"$(SRCROOT)/../../React/**",
					"$(SRCROOT)/node_modules/react-native/React",
					"$(SRCROOT)/../../example/node_modules/react-native/React/**",
					"$(SRCROOT)/../../../react-native/React/**",
				);
				IPHONEOS_DEPLOYMENT_TARGET = 7.0;
				MTL_ENABLE_DEBUG_INFO = NO;
				SDKROOT = iphoneos;
				SKIP_INSTALL = YES;
				VALIDATE_PRODUCT = YES;
			};
			name = Release;
		};
		A79185D01C30694E001236A6 /* Debug */ = {
			isa = XCBuildConfiguration;
			buildSettings = {
				HEADER_SEARCH_PATHS = (
					"$(inherited)",
					/Applications/Xcode.app/Contents/Developer/Toolchains/XcodeDefault.xctoolchain/usr/include,
					"$(SRCROOT)/../react-native/React/**",
					"$(SRCROOT)/../../React/**",
					"$(SRCROOT)/node_modules/react-native/React",
					"$(SRCROOT)/../../example/node_modules/react-native/React/**",
					"$(SRCROOT)/../../../react-native/React/**",
				);
				LIBRARY_SEARCH_PATHS = (
					"$(inherited)",
					"$(PROJECT_DIR)/google-analytics-lib",
				);
				OTHER_LDFLAGS = "-ObjC";
				PRODUCT_NAME = "$(TARGET_NAME)";
				SKIP_INSTALL = YES;
			};
			name = Debug;
		};
		A79185D11C30694E001236A6 /* Release */ = {
			isa = XCBuildConfiguration;
			buildSettings = {
				HEADER_SEARCH_PATHS = (
					"$(inherited)",
					/Applications/Xcode.app/Contents/Developer/Toolchains/XcodeDefault.xctoolchain/usr/include,
					"$(SRCROOT)/../react-native/React/**",
					"$(SRCROOT)/../../React/**",
					"$(SRCROOT)/node_modules/react-native/React",
					"$(SRCROOT)/../../example/node_modules/react-native/React/**",
					"$(SRCROOT)/../../../react-native/React/**",
				);
				LIBRARY_SEARCH_PATHS = (
					"$(inherited)",
					"$(PROJECT_DIR)/google-analytics-lib",
				);
				OTHER_LDFLAGS = "-ObjC";
				PRODUCT_NAME = "$(TARGET_NAME)";
				SKIP_INSTALL = YES;
			};
			name = Release;
		};
/* End XCBuildConfiguration section */

/* Begin XCConfigurationList section */
		A79185C11C30694E001236A6 /* Build configuration list for PBXProject "RCTGoogleAnalyticsBridge" */ = {
			isa = XCConfigurationList;
			buildConfigurations = (
				A79185CD1C30694E001236A6 /* Debug */,
				A79185CE1C30694E001236A6 /* Release */,
			);
			defaultConfigurationIsVisible = 0;
			defaultConfigurationName = Release;
		};
		A79185CF1C30694E001236A6 /* Build configuration list for PBXNativeTarget "RCTGoogleAnalyticsBridge" */ = {
			isa = XCConfigurationList;
			buildConfigurations = (
				A79185D01C30694E001236A6 /* Debug */,
				A79185D11C30694E001236A6 /* Release */,
			);
			defaultConfigurationIsVisible = 0;
			defaultConfigurationName = Release;
		};
/* End XCConfigurationList section */
	};
	rootObject = A79185BE1C30694E001236A6 /* Project object */;
}
