// !$*UTF8*$!
{
	archiveVersion = 1;
	classes = {
	};
	objectVersion = 46;
	objects = {

/* Begin PBXFileReference section */
		9132372C1C09F179005892EC /* RCTGoogleAnalyticsBridge.h */ = {isa = PBXFileReference; lastKnownFileType = sourcecode.c.h; path = RCTGoogleAnalyticsBridge.h; sourceTree = "<group>"; };
		9132372D1C09F1AA005892EC /* RCTGoogleAnalyticsBridge.m */ = {isa = PBXFileReference; lastKnownFileType = sourcecode.c.objc; path = RCTGoogleAnalyticsBridge.m; sourceTree = "<group>"; };
		A7C26E841C25608100ADE55D /* GAI.h */ = {isa = PBXFileReference; lastKnownFileType = sourcecode.c.h; path = GAI.h; sourceTree = "<group>"; };
		A7C26E851C25608100ADE55D /* GAIDictionaryBuilder.h */ = {isa = PBXFileReference; lastKnownFileType = sourcecode.c.h; path = GAIDictionaryBuilder.h; sourceTree = "<group>"; };
		A7C26E861C25608100ADE55D /* GAIEcommerceFields.h */ = {isa = PBXFileReference; lastKnownFileType = sourcecode.c.h; path = GAIEcommerceFields.h; sourceTree = "<group>"; };
		A7C26E871C25608100ADE55D /* GAIEcommerceProduct.h */ = {isa = PBXFileReference; lastKnownFileType = sourcecode.c.h; path = GAIEcommerceProduct.h; sourceTree = "<group>"; };
		A7C26E881C25608100ADE55D /* GAIEcommerceProductAction.h */ = {isa = PBXFileReference; lastKnownFileType = sourcecode.c.h; path = GAIEcommerceProductAction.h; sourceTree = "<group>"; };
		A7C26E891C25608100ADE55D /* GAIEcommercePromotion.h */ = {isa = PBXFileReference; lastKnownFileType = sourcecode.c.h; path = GAIEcommercePromotion.h; sourceTree = "<group>"; };
		A7C26E8A1C25608100ADE55D /* GAIFields.h */ = {isa = PBXFileReference; lastKnownFileType = sourcecode.c.h; path = GAIFields.h; sourceTree = "<group>"; };
		A7C26E8B1C25608100ADE55D /* GAILogger.h */ = {isa = PBXFileReference; lastKnownFileType = sourcecode.c.h; path = GAILogger.h; sourceTree = "<group>"; };
		A7C26E8C1C25608100ADE55D /* GAITrackedViewController.h */ = {isa = PBXFileReference; lastKnownFileType = sourcecode.c.h; path = GAITrackedViewController.h; sourceTree = "<group>"; };
		A7C26E8D1C25608100ADE55D /* GAITracker.h */ = {isa = PBXFileReference; lastKnownFileType = sourcecode.c.h; path = GAITracker.h; sourceTree = "<group>"; };
		A7C26E8E1C25608100ADE55D /* libGoogleAnalyticsServices.a */ = {isa = PBXFileReference; lastKnownFileType = archive.ar; path = libGoogleAnalyticsServices.a; sourceTree = "<group>"; };
/* End PBXFileReference section */

/* Begin PBXGroup section */
		913237191C09F12D005892EC = {
			isa = PBXGroup;
			children = (
				9132372D1C09F1AA005892EC /* RCTGoogleAnalyticsBridge.m */,
				9132372C1C09F179005892EC /* RCTGoogleAnalyticsBridge.h */,
				A7C26E831C25608100ADE55D /* google-analytics-lib */,
			);
			sourceTree = "<group>";
		};
		A7C26E831C25608100ADE55D /* google-analytics-lib */ = {
			isa = PBXGroup;
			children = (
				A7C26E841C25608100ADE55D /* GAI.h */,
				A7C26E851C25608100ADE55D /* GAIDictionaryBuilder.h */,
				A7C26E861C25608100ADE55D /* GAIEcommerceFields.h */,
				A7C26E871C25608100ADE55D /* GAIEcommerceProduct.h */,
				A7C26E881C25608100ADE55D /* GAIEcommerceProductAction.h */,
				A7C26E891C25608100ADE55D /* GAIEcommercePromotion.h */,
				A7C26E8A1C25608100ADE55D /* GAIFields.h */,
				A7C26E8B1C25608100ADE55D /* GAILogger.h */,
				A7C26E8C1C25608100ADE55D /* GAITrackedViewController.h */,
				A7C26E8D1C25608100ADE55D /* GAITracker.h */,
				A7C26E8E1C25608100ADE55D /* libGoogleAnalyticsServices.a */,
			);
			path = "google-analytics-lib";
			sourceTree = "<group>";
		};
/* End PBXGroup section */

/* Begin PBXProject section */
		9132371A1C09F12D005892EC /* Project object */ = {
			isa = PBXProject;
			attributes = {
				LastUpgradeCheck = 0710;
			};
			buildConfigurationList = 9132371D1C09F12D005892EC /* Build configuration list for PBXProject "ios-analytics-bridge" */;
			compatibilityVersion = "Xcode 3.2";
			developmentRegion = English;
			hasScannedForEncodings = 0;
			knownRegions = (
				en,
			);
			mainGroup = 913237191C09F12D005892EC;
			projectDirPath = "";
			projectRoot = "";
			targets = (
			);
		};
/* End PBXProject section */

/* Begin XCBuildConfiguration section */
		9132371E1C09F12D005892EC /* Debug */ = {
			isa = XCBuildConfiguration;
			buildSettings = {
			};
			name = Debug;
		};
		9132371F1C09F12D005892EC /* Release */ = {
			isa = XCBuildConfiguration;
			buildSettings = {
			};
			name = Release;
		};
/* End XCBuildConfiguration section */

/* Begin XCConfigurationList section */
		9132371D1C09F12D005892EC /* Build configuration list for PBXProject "ios-analytics-bridge" */ = {
			isa = XCConfigurationList;
			buildConfigurations = (
				9132371E1C09F12D005892EC /* Debug */,
				9132371F1C09F12D005892EC /* Release */,
			);
			defaultConfigurationIsVisible = 0;
			defaultConfigurationName = Release;
		};
/* End XCConfigurationList section */
	};
	rootObject = 9132371A1C09F12D005892EC /* Project object */;
}
