// !$*UTF8*$!
{
	archiveVersion = 1;
	classes = {
	};
	objectVersion = 46;
	objects = {

/* Begin PBXCopyFilesBuildPhase section */
		913BDD751C0A0EF500D6B232 /* CopyFiles */ = {
			isa = PBXCopyFilesBuildPhase;
			buildActionMask = 2147483647;
			dstPath = "include/$(PRODUCT_NAME)";
			dstSubfolderSpec = 16;
			files = (
			);
			runOnlyForDeploymentPostprocessing = 0;
		};
/* End PBXCopyFilesBuildPhase section */

/* Begin PBXFileReference section */
		913BDD771C0A0EF500D6B232 /* libRCTGoogleAnalyticsBridge.a */ = {isa = PBXFileReference; explicitFileType = archive.ar; includeInIndex = 0; path = libRCTGoogleAnalyticsBridge.a; sourceTree = BUILT_PRODUCTS_DIR; };
		913BDDB01C0A11C200D6B232 /* GAI.h */ = {isa = PBXFileReference; lastKnownFileType = sourcecode.c.h; path = GAI.h; sourceTree = "<group>"; };
		913BDDB11C0A11C200D6B232 /* GAIDictionaryBuilder.h */ = {isa = PBXFileReference; lastKnownFileType = sourcecode.c.h; path = GAIDictionaryBuilder.h; sourceTree = "<group>"; };
		913BDDB21C0A11C200D6B232 /* GAIEcommerceFields.h */ = {isa = PBXFileReference; lastKnownFileType = sourcecode.c.h; path = GAIEcommerceFields.h; sourceTree = "<group>"; };
		913BDDB31C0A11C200D6B232 /* GAIEcommerceProduct.h */ = {isa = PBXFileReference; lastKnownFileType = sourcecode.c.h; path = GAIEcommerceProduct.h; sourceTree = "<group>"; };
		913BDDB41C0A11C200D6B232 /* GAIEcommerceProductAction.h */ = {isa = PBXFileReference; lastKnownFileType = sourcecode.c.h; path = GAIEcommerceProductAction.h; sourceTree = "<group>"; };
		913BDDB51C0A11C200D6B232 /* GAIEcommercePromotion.h */ = {isa = PBXFileReference; lastKnownFileType = sourcecode.c.h; path = GAIEcommercePromotion.h; sourceTree = "<group>"; };
		913BDDB61C0A11C200D6B232 /* GAIFields.h */ = {isa = PBXFileReference; lastKnownFileType = sourcecode.c.h; path = GAIFields.h; sourceTree = "<group>"; };
		913BDDB71C0A11C200D6B232 /* GAILogger.h */ = {isa = PBXFileReference; lastKnownFileType = sourcecode.c.h; path = GAILogger.h; sourceTree = "<group>"; };
		913BDDB81C0A11C200D6B232 /* GAITrackedViewController.h */ = {isa = PBXFileReference; lastKnownFileType = sourcecode.c.h; path = GAITrackedViewController.h; sourceTree = "<group>"; };
		913BDDB91C0A11C200D6B232 /* GAITracker.h */ = {isa = PBXFileReference; lastKnownFileType = sourcecode.c.h; path = GAITracker.h; sourceTree = "<group>"; };
		913BDDBA1C0A11C200D6B232 /* libGoogleAnalyticsServices.a */ = {isa = PBXFileReference; lastKnownFileType = archive.ar; path = libGoogleAnalyticsServices.a; sourceTree = "<group>"; };
		913BDDBF1C0A11C200D6B232 /* RCTAssert.h */ = {isa = PBXFileReference; lastKnownFileType = sourcecode.c.h; path = RCTAssert.h; sourceTree = "<group>"; };
		913BDDC01C0A11C200D6B232 /* RCTBridgeModule.h */ = {isa = PBXFileReference; lastKnownFileType = sourcecode.c.h; path = RCTBridgeModule.h; sourceTree = "<group>"; };
		913BDDC11C0A11C200D6B232 /* RCTDefines.h */ = {isa = PBXFileReference; lastKnownFileType = sourcecode.c.h; path = RCTDefines.h; sourceTree = "<group>"; };
		913BDDC41C0A11C200D6B232 /* RCTLog.h */ = {isa = PBXFileReference; lastKnownFileType = sourcecode.c.h; path = RCTLog.h; sourceTree = "<group>"; };
		913BDDC61C0A11F400D6B232 /* RCTGoogleAnalyticsBridge.h */ = {isa = PBXFileReference; lastKnownFileType = sourcecode.c.h; path = RCTGoogleAnalyticsBridge.h; sourceTree = "<group>"; };
		913BDDC71C0A11F400D6B232 /* RCTGoogleAnalyticsBridge.m */ = {isa = PBXFileReference; lastKnownFileType = sourcecode.c.objc; path = RCTGoogleAnalyticsBridge.m; sourceTree = "<group>"; };
/* End PBXFileReference section */

/* Begin PBXFrameworksBuildPhase section */
		913BDD741C0A0EF500D6B232 /* Frameworks */ = {
			isa = PBXFrameworksBuildPhase;
			buildActionMask = 2147483647;
			files = (
			);
			runOnlyForDeploymentPostprocessing = 0;
		};
/* End PBXFrameworksBuildPhase section */

/* Begin PBXGroup section */
		913237191C09F12D005892EC = {
			isa = PBXGroup;
			children = (
				913BDDC51C0A11F400D6B232 /* RCTGoogleAnalyticsBridge */,
				913BDDAF1C0A11C200D6B232 /* GoogleAnalytics */,
				913BDDBE1C0A11C200D6B232 /* ReactNativeHeaders */,
				913BDD781C0A0EF500D6B232 /* Products */,
			);
			sourceTree = "<group>";
		};
		913BDD781C0A0EF500D6B232 /* Products */ = {
			isa = PBXGroup;
			children = (
				913BDD771C0A0EF500D6B232 /* libRCTGoogleAnalyticsBridge.a */,
			);
			name = Products;
			sourceTree = "<group>";
		};
		913BDDAF1C0A11C200D6B232 /* GoogleAnalytics */ = {
			isa = PBXGroup;
			children = (
				913BDDB01C0A11C200D6B232 /* GAI.h */,
				913BDDB11C0A11C200D6B232 /* GAIDictionaryBuilder.h */,
				913BDDB21C0A11C200D6B232 /* GAIEcommerceFields.h */,
				913BDDB31C0A11C200D6B232 /* GAIEcommerceProduct.h */,
				913BDDB41C0A11C200D6B232 /* GAIEcommerceProductAction.h */,
				913BDDB51C0A11C200D6B232 /* GAIEcommercePromotion.h */,
				913BDDB61C0A11C200D6B232 /* GAIFields.h */,
				913BDDB71C0A11C200D6B232 /* GAILogger.h */,
				913BDDB81C0A11C200D6B232 /* GAITrackedViewController.h */,
				913BDDB91C0A11C200D6B232 /* GAITracker.h */,
				913BDDBA1C0A11C200D6B232 /* libGoogleAnalyticsServices.a */,
			);
			path = GoogleAnalytics;
			sourceTree = "<group>";
		};
		913BDDBE1C0A11C200D6B232 /* ReactNativeHeaders */ = {
			isa = PBXGroup;
			children = (
				913BDDBF1C0A11C200D6B232 /* RCTAssert.h */,
				913BDDC01C0A11C200D6B232 /* RCTBridgeModule.h */,
				913BDDC11C0A11C200D6B232 /* RCTDefines.h */,
				913BDDC41C0A11C200D6B232 /* RCTLog.h */,
			);
			path = ReactNativeHeaders;
			sourceTree = "<group>";
		};
		913BDDC51C0A11F400D6B232 /* RCTGoogleAnalyticsBridge */ = {
			isa = PBXGroup;
			children = (
				913BDDC61C0A11F400D6B232 /* RCTGoogleAnalyticsBridge.h */,
				913BDDC71C0A11F400D6B232 /* RCTGoogleAnalyticsBridge.m */,
			);
			path = RCTGoogleAnalyticsBridge;
			sourceTree = "<group>";
		};
/* End PBXGroup section */

/* Begin PBXNativeTarget section */
		913BDD761C0A0EF500D6B232 /* RCTGoogleAnalyticsBridge */ = {
			isa = PBXNativeTarget;
			buildConfigurationList = 913BDD801C0A0EF500D6B232 /* Build configuration list for PBXNativeTarget "RCTGoogleAnalyticsBridge" */;
			buildPhases = (
				913BDD731C0A0EF500D6B232 /* Sources */,
				913BDD741C0A0EF500D6B232 /* Frameworks */,
				913BDD751C0A0EF500D6B232 /* CopyFiles */,
			);
			buildRules = (
			);
			dependencies = (
			);
			name = RCTGoogleAnalyticsBridge;
			productName = RCTGoogleAnalyticsBridge;
			productReference = 913BDD771C0A0EF500D6B232 /* libRCTGoogleAnalyticsBridge.a */;
			productType = "com.apple.product-type.library.static";
		};
/* End PBXNativeTarget section */

/* Begin PBXProject section */
		9132371A1C09F12D005892EC /* Project object */ = {
			isa = PBXProject;
			attributes = {
				LastUpgradeCheck = 0710;
				TargetAttributes = {
					913BDD761C0A0EF500D6B232 = {
						CreatedOnToolsVersion = 7.1.1;
					};
				};
			};
			buildConfigurationList = 9132371D1C09F12D005892EC /* Build configuration list for PBXProject "ios-analytics-bridge" */;
			compatibilityVersion = "Xcode 3.2";
			developmentRegion = English;
			hasScannedForEncodings = 0;
			knownRegions = (
				en,
			);
			mainGroup = 913237191C09F12D005892EC;
			productRefGroup = 913BDD781C0A0EF500D6B232 /* Products */;
			projectDirPath = "";
			projectRoot = "";
			targets = (
				913BDD761C0A0EF500D6B232 /* RCTGoogleAnalyticsBridge */,
			);
		};
/* End PBXProject section */

/* Begin PBXSourcesBuildPhase section */
		913BDD731C0A0EF500D6B232 /* Sources */ = {
			isa = PBXSourcesBuildPhase;
			buildActionMask = 2147483647;
			files = (
			);
			runOnlyForDeploymentPostprocessing = 0;
		};
/* End PBXSourcesBuildPhase section */

/* Begin XCBuildConfiguration section */
		9132371E1C09F12D005892EC /* Debug */ = {
			isa = XCBuildConfiguration;
			buildSettings = {
			};
			name = Debug;
		};
		9132371F1C09F12D005892EC /* Release */ = {
			isa = XCBuildConfiguration;
			buildSettings = {
			};
			name = Release;
		};
		913BDD7E1C0A0EF500D6B232 /* Debug */ = {
			isa = XCBuildConfiguration;
			buildSettings = {
				ALWAYS_SEARCH_USER_PATHS = NO;
				CLANG_CXX_LANGUAGE_STANDARD = "gnu++0x";
				CLANG_CXX_LIBRARY = "libc++";
				CLANG_ENABLE_MODULES = YES;
				CLANG_ENABLE_OBJC_ARC = YES;
				CLANG_WARN_BOOL_CONVERSION = YES;
				CLANG_WARN_CONSTANT_CONVERSION = YES;
				CLANG_WARN_DIRECT_OBJC_ISA_USAGE = YES_ERROR;
				CLANG_WARN_EMPTY_BODY = YES;
				CLANG_WARN_ENUM_CONVERSION = YES;
				CLANG_WARN_INT_CONVERSION = YES;
				CLANG_WARN_OBJC_ROOT_CLASS = YES_ERROR;
				CLANG_WARN_UNREACHABLE_CODE = YES;
				CLANG_WARN__DUPLICATE_METHOD_MATCH = YES;
				"CODE_SIGN_IDENTITY[sdk=iphoneos*]" = "iPhone Developer";
				COPY_PHASE_STRIP = NO;
				DEBUG_INFORMATION_FORMAT = dwarf;
				ENABLE_STRICT_OBJC_MSGSEND = YES;
				ENABLE_TESTABILITY = YES;
				GCC_C_LANGUAGE_STANDARD = gnu99;
				GCC_DYNAMIC_NO_PIC = NO;
				GCC_NO_COMMON_BLOCKS = YES;
				GCC_OPTIMIZATION_LEVEL = 0;
				GCC_PREPROCESSOR_DEFINITIONS = (
					"DEBUG=1",
					"$(inherited)",
				);
				GCC_WARN_64_TO_32_BIT_CONVERSION = YES;
				GCC_WARN_ABOUT_RETURN_TYPE = YES_ERROR;
				GCC_WARN_UNDECLARED_SELECTOR = YES;
				GCC_WARN_UNINITIALIZED_AUTOS = YES_AGGRESSIVE;
				GCC_WARN_UNUSED_FUNCTION = YES;
				GCC_WARN_UNUSED_VARIABLE = YES;
				IPHONEOS_DEPLOYMENT_TARGET = 9.1;
				MTL_ENABLE_DEBUG_INFO = YES;
				ONLY_ACTIVE_ARCH = YES;
				OTHER_LDFLAGS = "-ObjC";
				PRODUCT_NAME = "$(TARGET_NAME)";
				SDKROOT = iphoneos;
				SKIP_INSTALL = YES;
			};
			name = Debug;
		};
		913BDD7F1C0A0EF500D6B232 /* Release */ = {
			isa = XCBuildConfiguration;
			buildSettings = {
				ALWAYS_SEARCH_USER_PATHS = NO;
				CLANG_CXX_LANGUAGE_STANDARD = "gnu++0x";
				CLANG_CXX_LIBRARY = "libc++";
				CLANG_ENABLE_MODULES = YES;
				CLANG_ENABLE_OBJC_ARC = YES;
				CLANG_WARN_BOOL_CONVERSION = YES;
				CLANG_WARN_CONSTANT_CONVERSION = YES;
				CLANG_WARN_DIRECT_OBJC_ISA_USAGE = YES_ERROR;
				CLANG_WARN_EMPTY_BODY = YES;
				CLANG_WARN_ENUM_CONVERSION = YES;
				CLANG_WARN_INT_CONVERSION = YES;
				CLANG_WARN_OBJC_ROOT_CLASS = YES_ERROR;
				CLANG_WARN_UNREACHABLE_CODE = YES;
				CLANG_WARN__DUPLICATE_METHOD_MATCH = YES;
				"CODE_SIGN_IDENTITY[sdk=iphoneos*]" = "iPhone Developer";
				COPY_PHASE_STRIP = NO;
				DEBUG_INFORMATION_FORMAT = "dwarf-with-dsym";
				ENABLE_NS_ASSERTIONS = NO;
				ENABLE_STRICT_OBJC_MSGSEND = YES;
				GCC_C_LANGUAGE_STANDARD = gnu99;
				GCC_NO_COMMON_BLOCKS = YES;
				GCC_WARN_64_TO_32_BIT_CONVERSION = YES;
				GCC_WARN_ABOUT_RETURN_TYPE = YES_ERROR;
				GCC_WARN_UNDECLARED_SELECTOR = YES;
				GCC_WARN_UNINITIALIZED_AUTOS = YES_AGGRESSIVE;
				GCC_WARN_UNUSED_FUNCTION = YES;
				GCC_WARN_UNUSED_VARIABLE = YES;
				IPHONEOS_DEPLOYMENT_TARGET = 9.1;
				MTL_ENABLE_DEBUG_INFO = NO;
				OTHER_LDFLAGS = "-ObjC";
				PRODUCT_NAME = "$(TARGET_NAME)";
				SDKROOT = iphoneos;
				SKIP_INSTALL = YES;
				VALIDATE_PRODUCT = YES;
			};
			name = Release;
		};
/* End XCBuildConfiguration section */

/* Begin XCConfigurationList section */
		9132371D1C09F12D005892EC /* Build configuration list for PBXProject "ios-analytics-bridge" */ = {
			isa = XCConfigurationList;
			buildConfigurations = (
				9132371E1C09F12D005892EC /* Debug */,
				9132371F1C09F12D005892EC /* Release */,
			);
			defaultConfigurationIsVisible = 0;
			defaultConfigurationName = Release;
		};
		913BDD801C0A0EF500D6B232 /* Build configuration list for PBXNativeTarget "RCTGoogleAnalyticsBridge" */ = {
			isa = XCConfigurationList;
			buildConfigurations = (
				913BDD7E1C0A0EF500D6B232 /* Debug */,
				913BDD7F1C0A0EF500D6B232 /* Release */,
			);
			defaultConfigurationIsVisible = 0;
			defaultConfigurationName = Release;
		};
/* End XCConfigurationList section */
	};
	rootObject = 9132371A1C09F12D005892EC /* Project object */;
}
