// !$*UTF8*$!
{
	archiveVersion = 1;
	classes = {
	};
	objectVersion = 46;
	objects = {

/* Begin PBXFileReference section */
		913237211C09F13C005892EC /* GAI.h */ = {isa = PBXFileReference; lastKnownFileType = sourcecode.c.h; path = GAI.h; sourceTree = "<group>"; };
		913237221C09F13C005892EC /* GAIDictionaryBuilder.h */ = {isa = PBXFileReference; lastKnownFileType = sourcecode.c.h; path = GAIDictionaryBuilder.h; sourceTree = "<group>"; };
		913237231C09F13C005892EC /* GAIEcommerceFields.h */ = {isa = PBXFileReference; lastKnownFileType = sourcecode.c.h; path = GAIEcommerceFields.h; sourceTree = "<group>"; };
		913237241C09F13C005892EC /* GAIEcommerceProduct.h */ = {isa = PBXFileReference; lastKnownFileType = sourcecode.c.h; path = GAIEcommerceProduct.h; sourceTree = "<group>"; };
		913237251C09F13C005892EC /* GAIEcommerceProductAction.h */ = {isa = PBXFileReference; lastKnownFileType = sourcecode.c.h; path = GAIEcommerceProductAction.h; sourceTree = "<group>"; };
		913237261C09F13C005892EC /* GAIEcommercePromotion.h */ = {isa = PBXFileReference; lastKnownFileType = sourcecode.c.h; path = GAIEcommercePromotion.h; sourceTree = "<group>"; };
		913237271C09F13C005892EC /* GAIFields.h */ = {isa = PBXFileReference; lastKnownFileType = sourcecode.c.h; path = GAIFields.h; sourceTree = "<group>"; };
		913237281C09F13C005892EC /* GAILogger.h */ = {isa = PBXFileReference; lastKnownFileType = sourcecode.c.h; path = GAILogger.h; sourceTree = "<group>"; };
		913237291C09F13C005892EC /* GAITrackedViewController.h */ = {isa = PBXFileReference; lastKnownFileType = sourcecode.c.h; path = GAITrackedViewController.h; sourceTree = "<group>"; };
		9132372A1C09F13C005892EC /* GAITracker.h */ = {isa = PBXFileReference; lastKnownFileType = sourcecode.c.h; path = GAITracker.h; sourceTree = "<group>"; };
		9132372B1C09F13C005892EC /* libGoogleAnalyticsServices.a */ = {isa = PBXFileReference; lastKnownFileType = archive.ar; path = libGoogleAnalyticsServices.a; sourceTree = "<group>"; };
		9132372C1C09F179005892EC /* RCTGoogleAnalyticsBridge.h */ = {isa = PBXFileReference; lastKnownFileType = sourcecode.c.h; path = RCTGoogleAnalyticsBridge.h; sourceTree = "<group>"; };
		9132372D1C09F1AA005892EC /* RCTGoogleAnalyticsBridge.m */ = {isa = PBXFileReference; lastKnownFileType = sourcecode.c.objc; path = RCTGoogleAnalyticsBridge.m; sourceTree = "<group>"; };
/* End PBXFileReference section */

/* Begin PBXGroup section */
		913237191C09F12D005892EC = {
			isa = PBXGroup;
			children = (
				913237201C09F13C005892EC /* google-analytics-lib */,
				9132372D1C09F1AA005892EC /* RCTGoogleAnalyticsBridge.m */,
				9132372C1C09F179005892EC /* RCTGoogleAnalyticsBridge.h */,
			);
			sourceTree = "<group>";
		};
		913237201C09F13C005892EC /* google-analytics-lib */ = {
			isa = PBXGroup;
			children = (
				913237211C09F13C005892EC /* GAI.h */,
				913237221C09F13C005892EC /* GAIDictionaryBuilder.h */,
				913237231C09F13C005892EC /* GAIEcommerceFields.h */,
				913237241C09F13C005892EC /* GAIEcommerceProduct.h */,
				913237251C09F13C005892EC /* GAIEcommerceProductAction.h */,
				913237261C09F13C005892EC /* GAIEcommercePromotion.h */,
				913237271C09F13C005892EC /* GAIFields.h */,
				913237281C09F13C005892EC /* GAILogger.h */,
				913237291C09F13C005892EC /* GAITrackedViewController.h */,
				9132372A1C09F13C005892EC /* GAITracker.h */,
				9132372B1C09F13C005892EC /* libGoogleAnalyticsServices.a */,
			);
			path = "google-analytics-lib";
			sourceTree = "<group>";
		};
/* End PBXGroup section */

/* Begin PBXProject section */
		9132371A1C09F12D005892EC /* Project object */ = {
			isa = PBXProject;
			attributes = {
				LastUpgradeCheck = 0710;
			};
			buildConfigurationList = 9132371D1C09F12D005892EC /* Build configuration list for PBXProject "ios-analytics-bridge" */;
			compatibilityVersion = "Xcode 3.2";
			developmentRegion = English;
			hasScannedForEncodings = 0;
			knownRegions = (
				en,
			);
			mainGroup = 913237191C09F12D005892EC;
			projectDirPath = "";
			projectRoot = "";
			targets = (
			);
		};
/* End PBXProject section */

/* Begin XCBuildConfiguration section */
		9132371E1C09F12D005892EC /* Debug */ = {
			isa = XCBuildConfiguration;
			buildSettings = {
			};
			name = Debug;
		};
		9132371F1C09F12D005892EC /* Release */ = {
			isa = XCBuildConfiguration;
			buildSettings = {
			};
			name = Release;
		};
/* End XCBuildConfiguration section */

/* Begin XCConfigurationList section */
		9132371D1C09F12D005892EC /* Build configuration list for PBXProject "ios-analytics-bridge" */ = {
			isa = XCConfigurationList;
			buildConfigurations = (
				9132371E1C09F12D005892EC /* Debug */,
				9132371F1C09F12D005892EC /* Release */,
			);
			defaultConfigurationIsVisible = 0;
			defaultConfigurationName = Release;
		};
/* End XCConfigurationList section */
	};
	rootObject = 9132371A1C09F12D005892EC /* Project object */;
}
